
Microsoft Visual Studio Solution File, Format Version 12.00
# Visual Studio Version 16
VisualStudioVersion = 16.0.31205.134
MinimumVisualStudioVersion = 10.0.40219.1
Project("{9A19103F-16F7-4668-BE54-9A1E7A4F7556}") = "NumberRangeConverterTest", "RibbonSBCRangeConverter\NumberRangeConverterTest.csproj", "{2B1B3601-233E-4F8B-B006-65072ABC5232}"
EndProject
Project("{FAE04EC0-301F-11D3-BF4B-00C04F79EFBC}") = "NumberRangeConverter", "..\NumberRangeConverter\NumberRangeConverter.csproj", "{FDF49C88-8A7A-4463-8AAE-6BB464F08CB8}"
EndProject
Global
	GlobalSection(SolutionConfigurationPlatforms) = preSolution
		Debug|Any CPU = Debug|Any CPU
		Release|Any CPU = Release|Any CPU
	EndGlobalSection
	GlobalSection(ProjectConfigurationPlatforms) = postSolution
		{2B1B3601-233E-4F8B-B006-65072ABC5232}.Debug|Any CPU.ActiveCfg = Debug|Any CPU
		{2B1B3601-233E-4F8B-B006-65072ABC5232}.Debug|Any CPU.Build.0 = Debug|Any CPU
		{2B1B3601-233E-4F8B-B006-65072ABC5232}.Release|Any CPU.ActiveCfg = Release|Any CPU
		{2B1B3601-233E-4F8B-B006-65072ABC5232}.Release|Any CPU.Build.0 = Release|Any CPU
		{FDF49C88-8A7A-4463-8AAE-6BB464F08CB8}.Debug|Any CPU.ActiveCfg = Debug|Any CPU
		{FDF49C88-8A7A-4463-8AAE-6BB464F08CB8}.Debug|Any CPU.Build.0 = Debug|Any CPU
		{FDF49C88-8A7A-4463-8AAE-6BB464F08CB8}.Release|Any CPU.ActiveCfg = Release|Any CPU
		{FDF49C88-8A7A-4463-8AAE-6BB464F08CB8}.Release|Any CPU.Build.0 = Release|Any CPU
	EndGlobalSection
	GlobalSection(SolutionProperties) = preSolution
		HideSolutionNode = FALSE
	EndGlobalSection
	GlobalSection(ExtensibilityGlobals) = postSolution
		SolutionGuid = {5E7DA303-3835-4E9E-974F-A21F1524E558}
	EndGlobalSection
EndGlobal
